
Microsoft Visual Studio Solution File, Format Version 12.00
# Visual Studio Version 17
VisualStudioVersion = 17.2.32630.192
MinimumVisualStudioVersion = 10.0.40219.1
Project("{9A19103F-16F7-4668-BE54-9A1E7A4F7556}") = "RazorCoreToPdf", "RazorCoreToPdf\RazorCoreToPdf.csproj", "{AB88B9D3-EB4B-4EC8-AF62-D9E63E0F418A}"
EndProject
Project("{9A19103F-16F7-4668-BE54-9A1E7A4F7556}") = "RazorCoreToPdfTestWebSite", "RazorCoreToPdfTestWebSite\RazorCoreToPdfTestWebSite.csproj", "{B199060F-6DD2-439E-A0FC-BE264BEEAAC0}"
EndProject
Global
	GlobalSection(SolutionConfigurationPlatforms) = preSolution
		Debug|Any CPU = Debug|Any CPU
		Release|Any CPU = Release|Any CPU
	EndGlobalSection
	GlobalSection(ProjectConfigurationPlatforms) = postSolution
		{AB88B9D3-EB4B-4EC8-AF62-D9E63E0F418A}.Debug|Any CPU.ActiveCfg = Debug|Any CPU
		{AB88B9D3-EB4B-4EC8-AF62-D9E63E0F418A}.Debug|Any CPU.Build.0 = Debug|Any CPU
		{AB88B9D3-EB4B-4EC8-AF62-D9E63E0F418A}.Release|Any CPU.ActiveCfg = Release|Any CPU
		{AB88B9D3-EB4B-4EC8-AF62-D9E63E0F418A}.Release|Any CPU.Build.0 = Release|Any CPU
		{B199060F-6DD2-439E-A0FC-BE264BEEAAC0}.Debug|Any CPU.ActiveCfg = Debug|Any CPU
		{B199060F-6DD2-439E-A0FC-BE264BEEAAC0}.Debug|Any CPU.Build.0 = Debug|Any CPU
		{B199060F-6DD2-439E-A0FC-BE264BEEAAC0}.Release|Any CPU.ActiveCfg = Release|Any CPU
		{B199060F-6DD2-439E-A0FC-BE264BEEAAC0}.Release|Any CPU.Build.0 = Release|Any CPU
	EndGlobalSection
	GlobalSection(SolutionProperties) = preSolution
		HideSolutionNode = FALSE
	EndGlobalSection
	GlobalSection(ExtensibilityGlobals) = postSolution
		SolutionGuid = {297ACFDC-C59F-4B5B-9A2E-DCC5079D805F}
	EndGlobalSection
EndGlobal
